
Microsoft Visual Studio Solution File, Format Version 12.00
# Visual Studio 15
VisualStudioVersion = 15.0.26430.14
MinimumVisualStudioVersion = 10.0.40219.1
Project("{FAE04EC0-301F-11D3-BF4B-00C04F79EFBC}") = "UdemyETicaret", "UdemyETicaret\UdemyETicaret.csproj", "{BD0ACEE9-D608-4B7C-99FD-B54639E04BB7}"
EndProject
Global
	GlobalSection(SolutionConfigurationPlatforms) = preSolution
		Debug|Any CPU = Debug|Any CPU
		Release|Any CPU = Release|Any CPU
	EndGlobalSection
	GlobalSection(ProjectConfigurationPlatforms) = postSolution
		{BD0ACEE9-D608-4B7C-99FD-B54639E04BB7}.Debug|Any CPU.ActiveCfg = Debug|Any CPU
		{BD0ACEE9-D608-4B7C-99FD-B54639E04BB7}.Debug|Any CPU.Build.0 = Debug|Any CPU
		{BD0ACEE9-D608-4B7C-99FD-B54639E04BB7}.Release|Any CPU.ActiveCfg = Release|Any CPU
		{BD0ACEE9-D608-4B7C-99FD-B54639E04BB7}.Release|Any CPU.Build.0 = Release|Any CPU
	EndGlobalSection
	GlobalSection(SolutionProperties) = preSolution
		HideSolutionNode = FALSE
	EndGlobalSection
EndGlobal
